{
  "version": 4,
  "terraform_version": "1.1.0",
  "serial": 24,
  "lineage": "9dcdd42a-07f6-17d0-88e1-22538e82100e",
  "outputs": {},
  "resources": [
    {
      "mode": "managed",
      "type": "azurerm_lb",
      "name": "res-19",
      "provider": "provider[\"registry.terraform.io/hashicorp/azurerm\"]",
      "instances": [
        {
          "schema_version": 0,
          "attributes": {
            "edge_zone": "",
            "frontend_ip_configuration": [
              {
                "gateway_load_balancer_frontend_ip_configuration_id": "",
                "id": "/subscriptions/60a43a8b-348b-4e0f-a5d7-eff5f5f72125/resourceGroups/redis-shake-test-rg/providers/Microsoft.Network/loadBalancers/redis-shake-vms-lb/frontendIPConfigurations/redis-shake-vms-lb-pip",
                "inbound_nat_rules": [],
                "load_balancer_rules": [
                  "/subscriptions/60a43a8b-348b-4e0f-a5d7-eff5f5f72125/resourceGroups/redis-shake-test-rg/providers/Microsoft.Network/loadBalancers/redis-shake-vms-lb/loadBalancingRules/lb-rule01"
                ],
                "name": "redis-shake-vms-lb-pip",
                "outbound_rules": [],
                "private_ip_address": "10.2.0.254",
                "private_ip_address_allocation": "Static",
                "private_ip_address_version": "IPv4",
                "public_ip_address_id": "",
                "public_ip_prefix_id": "",
                "subnet_id": "/subscriptions/60a43a8b-348b-4e0f-a5d7-eff5f5f72125/resourceGroups/redis-shake-test-rg/providers/Microsoft.Network/virtualNetworks/redis-shake-test-rg-vnet/subnets/default",
                "zones": [
                  "1",
                  "2",
                  "3"
                ]
              }
            ],
            "id": "/subscriptions/60a43a8b-348b-4e0f-a5d7-eff5f5f72125/resourceGroups/redis-shake-test-rg/providers/Microsoft.Network/loadBalancers/redis-shake-vms-lb",
            "location": "chinanorth3",
            "name": "redis-shake-vms-lb",
            "private_ip_address": "10.2.0.254",
            "private_ip_addresses": [
              "10.2.0.254"
            ],
            "resource_group_name": "redis-shake-test-rg",
            "sku": "Standard",
            "sku_tier": "Regional",
            "tags": {},
            "timeouts": {
              "create": null,
              "delete": null,
              "read": null,
              "update": null
            }
          },
          "sensitive_attributes": [],
          "private": "eyJlMmJmYjczMC1lY2FhLTExZTYtOGY4OC0zNDM2M2JjN2M0YzAiOnsiY3JlYXRlIjoxODAwMDAwMDAwMDAwLCJkZWxldGUiOjE4MDAwMDAwMDAwMDAsInJlYWQiOjMwMDAwMDAwMDAwMCwidXBkYXRlIjoxODAwMDAwMDAwMDAwfSwic2NoZW1hX3ZlcnNpb24iOiIwIn0="
        }
      ]
    },
    {
      "mode": "managed",
      "type": "azurerm_lb",
      "name": "res-20",
      "provider": "provider[\"registry.terraform.io/hashicorp/azurerm\"]",
      "instances": [
        {
          "schema_version": 0,
          "attributes": {
            "edge_zone": "",
            "frontend_ip_configuration": [
              {
                "gateway_load_balancer_frontend_ip_configuration_id": "",
                "id": "/subscriptions/60a43a8b-348b-4e0f-a5d7-eff5f5f72125/resourceGroups/redis-shake-test-rg/providers/Microsoft.Network/loadBalancers/redis-shake-vm-web-lb/frontendIPConfigurations/redis-shake-vm-web-lb-pip",
                "inbound_nat_rules": [],
                "load_balancer_rules": [
                  "/subscriptions/60a43a8b-348b-4e0f-a5d7-eff5f5f72125/resourceGroups/redis-shake-test-rg/providers/Microsoft.Network/loadBalancers/redis-shake-vm-web-lb/loadBalancingRules/lb-rule01"
                ],
                "name": "redis-shake-vm-web-lb-pip",
                "outbound_rules": [],
                "private_ip_address": "",
                "private_ip_address_allocation": "Dynamic",
                "private_ip_address_version": "",
                "public_ip_address_id": "/subscriptions/60a43a8b-348b-4e0f-a5d7-eff5f5f72125/resourceGroups/redis-shake-test-rg/providers/Microsoft.Network/publicIPAddresses/redis-shake-vm-web-lb-ip",
                "public_ip_prefix_id": "",
                "subnet_id": "",
                "zones": []
              }
            ],
            "id": "/subscriptions/60a43a8b-348b-4e0f-a5d7-eff5f5f72125/resourceGroups/redis-shake-test-rg/providers/Microsoft.Network/loadBalancers/redis-shake-vm-web-lb",
            "location": "chinanorth3",
            "name": "redis-shake-vm-web-lb",
            "private_ip_address": "",
            "private_ip_addresses": [],
            "resource_group_name": "redis-shake-test-rg",
            "sku": "Standard",
            "sku_tier": "Regional",
            "tags": {},
            "timeouts": {
              "create": null,
              "delete": null,
              "read": null,
              "update": null
            }
          },
          "sensitive_attributes": [],
          "private": "eyJlMmJmYjczMC1lY2FhLTExZTYtOGY4OC0zNDM2M2JjN2M0YzAiOnsiY3JlYXRlIjoxODAwMDAwMDAwMDAwLCJkZWxldGUiOjE4MDAwMDAwMDAwMDAsInJlYWQiOjMwMDAwMDAwMDAwMCwidXBkYXRlIjoxODAwMDAwMDAwMDAwfSwic2NoZW1hX3ZlcnNpb24iOiIwIn0="
        }
      ]
    },
    {
      "mode": "managed",
      "type": "azurerm_lb_backend_address_pool",
      "name": "res-12",
      "provider": "provider[\"registry.terraform.io/hashicorp/azurerm\"]",
      "instances": [
        {
          "schema_version": 0,
          "attributes": {
            "backend_ip_configurations": [
              "/subscriptions/60a43a8b-348b-4e0f-a5d7-eff5f5f72125/resourceGroups/redis-shake-test-rg/providers/Microsoft.Network/networkInterfaces/redis-server-with102/ipConfigurations/ipconfig1",
              "/subscriptions/60a43a8b-348b-4e0f-a5d7-eff5f5f72125/resourceGroups/redis-shake-test-rg/providers/Microsoft.Network/networkInterfaces/redisshakevm878/ipConfigurations/ipconfig1"
            ],
            "id": "/subscriptions/60a43a8b-348b-4e0f-a5d7-eff5f5f72125/resourceGroups/redis-shake-test-rg/providers/Microsoft.Network/loadBalancers/redis-shake-vms-lb/backendAddressPools/redis-shake-vms-lb-pool",
            "load_balancing_rules": [
              "/subscriptions/60a43a8b-348b-4e0f-a5d7-eff5f5f72125/resourceGroups/redis-shake-test-rg/providers/Microsoft.Network/loadBalancers/redis-shake-vms-lb/loadBalancingRules/lb-rule01"
            ],
            "loadbalancer_id": "/subscriptions/60a43a8b-348b-4e0f-a5d7-eff5f5f72125/resourceGroups/redis-shake-test-rg/providers/Microsoft.Network/loadBalancers/redis-shake-vms-lb",
            "name": "redis-shake-vms-lb-pool",
            "outbound_rules": [],
            "timeouts": {
              "create": null,
              "delete": null,
              "read": null,
              "update": null
            },
            "tunnel_interface": []
          },
          "sensitive_attributes": [],
          "private": "eyJlMmJmYjczMC1lY2FhLTExZTYtOGY4OC0zNDM2M2JjN2M0YzAiOnsiY3JlYXRlIjoxODAwMDAwMDAwMDAwLCJkZWxldGUiOjE4MDAwMDAwMDAwMDAsInJlYWQiOjMwMDAwMDAwMDAwMCwidXBkYXRlIjoxODAwMDAwMDAwMDAwfSwic2NoZW1hX3ZlcnNpb24iOiIwIn0="
        }
      ]
    },
    {
      "mode": "managed",
      "type": "azurerm_lb_backend_address_pool",
      "name": "res-13",
      "provider": "provider[\"registry.terraform.io/hashicorp/azurerm\"]",
      "instances": [
        {
          "schema_version": 0,
          "attributes": {
            "backend_ip_configurations": [
              "/subscriptions/60a43a8b-348b-4e0f-a5d7-eff5f5f72125/resourceGroups/redis-shake-test-rg/providers/Microsoft.Network/networkInterfaces/redis-server-with102/ipConfigurations/ipconfig1",
              "/subscriptions/60a43a8b-348b-4e0f-a5d7-eff5f5f72125/resourceGroups/redis-shake-test-rg/providers/Microsoft.Network/networkInterfaces/redisshakevm878/ipConfigurations/ipconfig1"
            ],
            "id": "/subscriptions/60a43a8b-348b-4e0f-a5d7-eff5f5f72125/resourceGroups/redis-shake-test-rg/providers/Microsoft.Network/loadBalancers/redis-shake-vm-web-lb/backendAddressPools/redis-shake-vm-web-lb-pool",
            "load_balancing_rules": [
              "/subscriptions/60a43a8b-348b-4e0f-a5d7-eff5f5f72125/resourceGroups/redis-shake-test-rg/providers/Microsoft.Network/loadBalancers/redis-shake-vm-web-lb/loadBalancingRules/lb-rule01"
            ],
            "loadbalancer_id": "/subscriptions/60a43a8b-348b-4e0f-a5d7-eff5f5f72125/resourceGroups/redis-shake-test-rg/providers/Microsoft.Network/loadBalancers/redis-shake-vm-web-lb",
            "name": "redis-shake-vm-web-lb-pool",
            "outbound_rules": [],
            "timeouts": {
              "create": null,
              "delete": null,
              "read": null,
              "update": null
            },
            "tunnel_interface": []
          },
          "sensitive_attributes": [],
          "private": "eyJlMmJmYjczMC1lY2FhLTExZTYtOGY4OC0zNDM2M2JjN2M0YzAiOnsiY3JlYXRlIjoxODAwMDAwMDAwMDAwLCJkZWxldGUiOjE4MDAwMDAwMDAwMDAsInJlYWQiOjMwMDAwMDAwMDAwMCwidXBkYXRlIjoxODAwMDAwMDAwMDAwfSwic2NoZW1hX3ZlcnNpb24iOiIwIn0="
        }
      ]
    },
    {
      "mode": "managed",
      "type": "azurerm_linux_virtual_machine",
      "name": "redis-server-src-vm",
      "provider": "provider[\"registry.terraform.io/hashicorp/azurerm\"]",
      "instances": [
        {
          "schema_version": 0,
          "attributes": {
            "additional_capabilities": [],
            "admin_password": "ignored-as-imported",
            "admin_ssh_key": [],
            "admin_username": "huqianghui",
            "allow_extension_operations": true,
            "availability_set_id": "",
            "boot_diagnostics": [],
            "computer_name": "redis-server-src-vm",
            "custom_data": null,
            "dedicated_host_group_id": "",
            "dedicated_host_id": "",
            "disable_password_authentication": false,
            "edge_zone": "",
            "encryption_at_host_enabled": false,
            "eviction_policy": "",
            "extensions_time_budget": "PT1H30M",
            "id": "/subscriptions/60a43a8b-348b-4e0f-a5d7-eff5f5f72125/resourceGroups/redis-shake-test-rg/providers/Microsoft.Compute/virtualMachines/redis-server-src-vm",
            "identity": [],
            "license_type": "",
            "location": "chinanorth3",
            "max_bid_price": -1,
            "name": "redis-server-src-vm",
            "network_interface_ids": [
              "/subscriptions/60a43a8b-348b-4e0f-a5d7-eff5f5f72125/resourceGroups/redis-shake-test-rg/providers/Microsoft.Network/networkInterfaces/redis-server-src-655"
            ],
            "os_disk": [
              {
                "caching": "ReadWrite",
                "diff_disk_settings": [],
                "disk_encryption_set_id": "",
                "disk_size_gb": 30,
                "name": "redis-server-src-vm_OsDisk_1_fc25b1597e4943aa9895922c84750324",
                "storage_account_type": "Premium_LRS",
                "write_accelerator_enabled": false
              }
            ],
            "patch_mode": "ImageDefault",
            "plan": [],
            "platform_fault_domain": -1,
            "priority": "Regular",
            "private_ip_address": "10.2.0.5",
            "private_ip_addresses": [
              "10.2.0.5"
            ],
            "provision_vm_agent": true,
            "proximity_placement_group_id": "",
            "public_ip_address": "159.27.10.184",
            "public_ip_addresses": [
              "159.27.10.184"
            ],
            "resource_group_name": "redis-shake-test-rg",
            "secret": [],
            "secure_boot_enabled": false,
            "size": "Standard_E4s_v5",
            "source_image_id": "",
            "source_image_reference": [
              {
                "offer": "0001-com-ubuntu-confidential-vm-focal",
                "publisher": "canonical",
                "sku": "20_04-lts-cvm",
                "version": "latest"
              }
            ],
            "tags": {},
            "termination_notification": [],
            "timeouts": {
              "create": null,
              "delete": null,
              "read": null,
              "update": null
            },
            "user_data": "",
            "virtual_machine_id": "fb956bf4-67a9-4a1a-b6a9-8d5e91cb45e7",
            "virtual_machine_scale_set_id": "",
            "vtpm_enabled": false,
            "zone": ""
          },
          "sensitive_attributes": [],
          "private": "eyJlMmJmYjczMC1lY2FhLTExZTYtOGY4OC0zNDM2M2JjN2M0YzAiOnsiY3JlYXRlIjoyNzAwMDAwMDAwMDAwLCJkZWxldGUiOjI3MDAwMDAwMDAwMDAsInJlYWQiOjMwMDAwMDAwMDAwMCwidXBkYXRlIjoyNzAwMDAwMDAwMDAwfSwic2NoZW1hX3ZlcnNpb24iOiIwIn0="
        }
      ]
    },
    {
      "mode": "managed",
      "type": "azurerm_linux_virtual_machine",
      "name": "redis-server-withshake-target02",
      "provider": "provider[\"registry.terraform.io/hashicorp/azurerm\"]",
      "instances": [
        {
          "schema_version": 0,
          "attributes": {
            "additional_capabilities": [],
            "admin_password": "ignored-as-imported",
            "admin_ssh_key": [],
            "admin_username": "huqianghui",
            "allow_extension_operations": true,
            "availability_set_id": "",
            "boot_diagnostics": [],
            "computer_name": "redis-server-withshake-target02",
            "custom_data": null,
            "dedicated_host_group_id": "",
            "dedicated_host_id": "",
            "disable_password_authentication": false,
            "edge_zone": "",
            "encryption_at_host_enabled": false,
            "eviction_policy": "",
            "extensions_time_budget": "PT1H30M",
            "id": "/subscriptions/60a43a8b-348b-4e0f-a5d7-eff5f5f72125/resourceGroups/redis-shake-test-rg/providers/Microsoft.Compute/virtualMachines/redis-server-withshake-target02",
            "identity": [],
            "license_type": "",
            "location": "chinanorth3",
            "max_bid_price": -1,
            "name": "redis-server-withshake-target02",
            "network_interface_ids": [
              "/subscriptions/60a43a8b-348b-4e0f-a5d7-eff5f5f72125/resourceGroups/redis-shake-test-rg/providers/Microsoft.Network/networkInterfaces/redis-server-with102"
            ],
            "os_disk": [
              {
                "caching": "ReadWrite",
                "diff_disk_settings": [],
                "disk_encryption_set_id": "",
                "disk_size_gb": 30,
                "name": "redis-server-withshake-target02_OsDisk_1_4ec76738abfe473a8b4640722be9f7a4",
                "storage_account_type": "Premium_LRS",
                "write_accelerator_enabled": false
              }
            ],
            "patch_mode": "ImageDefault",
            "plan": [],
            "platform_fault_domain": -1,
            "priority": "Regular",
            "private_ip_address": "10.2.0.6",
            "private_ip_addresses": [
              "10.2.0.6"
            ],
            "provision_vm_agent": true,
            "proximity_placement_group_id": "",
            "public_ip_address": "163.228.224.133",
            "public_ip_addresses": [
              "163.228.224.133"
            ],
            "resource_group_name": "redis-shake-test-rg",
            "secret": [],
            "secure_boot_enabled": false,
            "size": "Standard_E4s_v5",
            "source_image_id": "",
            "source_image_reference": [
              {
                "offer": "0001-com-ubuntu-confidential-vm-focal",
                "publisher": "canonical",
                "sku": "20_04-lts-cvm",
                "version": "latest"
              }
            ],
            "tags": {},
            "termination_notification": [],
            "timeouts": {
              "create": null,
              "delete": null,
              "read": null,
              "update": null
            },
            "user_data": "",
            "virtual_machine_id": "1b8c8e9b-1984-4cc8-afe5-551e29bd3cb9",
            "virtual_machine_scale_set_id": "",
            "vtpm_enabled": false,
            "zone": ""
          },
          "sensitive_attributes": [],
          "private": "eyJlMmJmYjczMC1lY2FhLTExZTYtOGY4OC0zNDM2M2JjN2M0YzAiOnsiY3JlYXRlIjoyNzAwMDAwMDAwMDAwLCJkZWxldGUiOjI3MDAwMDAwMDAwMDAsInJlYWQiOjMwMDAwMDAwMDAwMCwidXBkYXRlIjoyNzAwMDAwMDAwMDAwfSwic2NoZW1hX3ZlcnNpb24iOiIwIn0="
        }
      ]
    },
    {
      "mode": "managed",
      "type": "azurerm_linux_virtual_machine",
      "name": "redisshakevm",
      "provider": "provider[\"registry.terraform.io/hashicorp/azurerm\"]",
      "instances": [
        {
          "schema_version": 0,
          "attributes": {
            "additional_capabilities": [],
            "admin_password": "ignored-as-imported",
            "admin_ssh_key": [],
            "admin_username": "huqianghui",
            "allow_extension_operations": true,
            "availability_set_id": "",
            "boot_diagnostics": [],
            "computer_name": "redisshakevm",
            "custom_data": null,
            "dedicated_host_group_id": "",
            "dedicated_host_id": "",
            "disable_password_authentication": false,
            "edge_zone": "",
            "encryption_at_host_enabled": false,
            "eviction_policy": "",
            "extensions_time_budget": "PT1H30M",
            "id": "/subscriptions/60a43a8b-348b-4e0f-a5d7-eff5f5f72125/resourceGroups/redis-shake-test-rg/providers/Microsoft.Compute/virtualMachines/redisshakevm",
            "identity": [],
            "license_type": "",
            "location": "chinanorth3",
            "max_bid_price": -1,
            "name": "redisshakevm",
            "network_interface_ids": [
              "/subscriptions/60a43a8b-348b-4e0f-a5d7-eff5f5f72125/resourceGroups/redis-shake-test-rg/providers/Microsoft.Network/networkInterfaces/redisshakevm878"
            ],
            "os_disk": [
              {
                "caching": "ReadWrite",
                "diff_disk_settings": [],
                "disk_encryption_set_id": "",
                "disk_size_gb": 30,
                "name": "redisshakevm_OsDisk_1_2c216b9527164bb8877be78d313a2c71",
                "storage_account_type": "Premium_LRS",
                "write_accelerator_enabled": false
              }
            ],
            "patch_mode": "ImageDefault",
            "plan": [],
            "platform_fault_domain": -1,
            "priority": "Regular",
            "private_ip_address": "10.2.0.4",
            "private_ip_addresses": [
              "10.2.0.4"
            ],
            "provision_vm_agent": true,
            "proximity_placement_group_id": "",
            "public_ip_address": "163.228.224.242",
            "public_ip_addresses": [
              "163.228.224.242"
            ],
            "resource_group_name": "redis-shake-test-rg",
            "secret": [],
            "secure_boot_enabled": false,
            "size": "Standard_E4s_v5",
            "source_image_id": "",
            "source_image_reference": [
              {
                "offer": "0001-com-ubuntu-server-focal",
                "publisher": "canonical",
                "sku": "20_04-lts",
                "version": "latest"
              }
            ],
            "tags": {},
            "termination_notification": [],
            "timeouts": {
              "create": null,
              "delete": null,
              "read": null,
              "update": null
            },
            "user_data": "",
            "virtual_machine_id": "6223dc0b-9cc6-4bef-8856-682f23d91e54",
            "virtual_machine_scale_set_id": "",
            "vtpm_enabled": false,
            "zone": ""
          },
          "sensitive_attributes": [],
          "private": "eyJlMmJmYjczMC1lY2FhLTExZTYtOGY4OC0zNDM2M2JjN2M0YzAiOnsiY3JlYXRlIjoyNzAwMDAwMDAwMDAwLCJkZWxldGUiOjI3MDAwMDAwMDAwMDAsInJlYWQiOjMwMDAwMDAwMDAwMCwidXBkYXRlIjoyNzAwMDAwMDAwMDAwfSwic2NoZW1hX3ZlcnNpb24iOiIwIn0="
        }
      ]
    },
    {
      "mode": "managed",
      "type": "azurerm_network_interface",
      "name": "res-21",
      "provider": "provider[\"registry.terraform.io/hashicorp/azurerm\"]",
      "instances": [
        {
          "schema_version": 0,
          "attributes": {
            "applied_dns_servers": [],
            "dns_servers": [],
            "edge_zone": "",
            "enable_accelerated_networking": true,
            "enable_ip_forwarding": false,
            "id": "/subscriptions/60a43a8b-348b-4e0f-a5d7-eff5f5f72125/resourceGroups/redis-shake-test-rg/providers/Microsoft.Network/networkInterfaces/redis-server-src-655",
            "internal_dns_name_label": "",
            "internal_domain_name_suffix": "pzakw2ciydhexj3hxivnwz4fzc.zqzx.internal.chinacloudapp.cn",
            "ip_configuration": [
              {
                "gateway_load_balancer_frontend_ip_configuration_id": "",
                "name": "ipconfig1",
                "primary": true,
                "private_ip_address": "10.2.0.5",
                "private_ip_address_allocation": "Dynamic",
                "private_ip_address_version": "IPv4",
                "public_ip_address_id": "/subscriptions/60a43a8b-348b-4e0f-a5d7-eff5f5f72125/resourceGroups/redis-shake-test-rg/providers/Microsoft.Network/publicIPAddresses/redis-server-src-vm-ip",
                "subnet_id": "/subscriptions/60a43a8b-348b-4e0f-a5d7-eff5f5f72125/resourceGroups/redis-shake-test-rg/providers/Microsoft.Network/virtualNetworks/redis-shake-test-rg-vnet/subnets/default"
              }
            ],
            "location": "chinanorth3",
            "mac_address": "00-17-FA-06-8D-CC",
            "name": "redis-server-src-655",
            "private_ip_address": "10.2.0.5",
            "private_ip_addresses": [
              "10.2.0.5"
            ],
            "resource_group_name": "redis-shake-test-rg",
            "tags": {},
            "timeouts": {
              "create": null,
              "delete": null,
              "read": null,
              "update": null
            },
            "virtual_machine_id": "/subscriptions/60a43a8b-348b-4e0f-a5d7-eff5f5f72125/resourceGroups/redis-shake-test-rg/providers/Microsoft.Compute/virtualMachines/redis-server-src-vm"
          },
          "sensitive_attributes": [],
          "private": "eyJlMmJmYjczMC1lY2FhLTExZTYtOGY4OC0zNDM2M2JjN2M0YzAiOnsiY3JlYXRlIjoxODAwMDAwMDAwMDAwLCJkZWxldGUiOjE4MDAwMDAwMDAwMDAsInJlYWQiOjMwMDAwMDAwMDAwMCwidXBkYXRlIjoxODAwMDAwMDAwMDAwfSwic2NoZW1hX3ZlcnNpb24iOiIwIn0="
        }
      ]
    },
    {
      "mode": "managed",
      "type": "azurerm_network_interface",
      "name": "res-22",
      "provider": "provider[\"registry.terraform.io/hashicorp/azurerm\"]",
      "instances": [
        {
          "schema_version": 0,
          "attributes": {
            "applied_dns_servers": [],
            "dns_servers": [],
            "edge_zone": "",
            "enable_accelerated_networking": true,
            "enable_ip_forwarding": false,
            "id": "/subscriptions/60a43a8b-348b-4e0f-a5d7-eff5f5f72125/resourceGroups/redis-shake-test-rg/providers/Microsoft.Network/networkInterfaces/redis-server-with102",
            "internal_dns_name_label": "",
            "internal_domain_name_suffix": "pzakw2ciydhexj3hxivnwz4fzc.zqzx.internal.chinacloudapp.cn",
            "ip_configuration": [
              {
                "gateway_load_balancer_frontend_ip_configuration_id": "",
                "name": "ipconfig1",
                "primary": true,
                "private_ip_address": "10.2.0.6",
                "private_ip_address_allocation": "Dynamic",
                "private_ip_address_version": "IPv4",
                "public_ip_address_id": "/subscriptions/60a43a8b-348b-4e0f-a5d7-eff5f5f72125/resourceGroups/redis-shake-test-rg/providers/Microsoft.Network/publicIPAddresses/redis-server-withshake-target02-ip",
                "subnet_id": "/subscriptions/60a43a8b-348b-4e0f-a5d7-eff5f5f72125/resourceGroups/redis-shake-test-rg/providers/Microsoft.Network/virtualNetworks/redis-shake-test-rg-vnet/subnets/default"
              }
            ],
            "location": "chinanorth3",
            "mac_address": "00-17-FA-05-47-EA",
            "name": "redis-server-with102",
            "private_ip_address": "10.2.0.6",
            "private_ip_addresses": [
              "10.2.0.6"
            ],
            "resource_group_name": "redis-shake-test-rg",
            "tags": {},
            "timeouts": {
              "create": null,
              "delete": null,
              "read": null,
              "update": null
            },
            "virtual_machine_id": "/subscriptions/60a43a8b-348b-4e0f-a5d7-eff5f5f72125/resourceGroups/REDIS-SHAKE-TEST-RG/providers/Microsoft.Compute/virtualMachines/redis-server-withshake-target02"
          },
          "sensitive_attributes": [],
          "private": "eyJlMmJmYjczMC1lY2FhLTExZTYtOGY4OC0zNDM2M2JjN2M0YzAiOnsiY3JlYXRlIjoxODAwMDAwMDAwMDAwLCJkZWxldGUiOjE4MDAwMDAwMDAwMDAsInJlYWQiOjMwMDAwMDAwMDAwMCwidXBkYXRlIjoxODAwMDAwMDAwMDAwfSwic2NoZW1hX3ZlcnNpb24iOiIwIn0="
        }
      ]
    },
    {
      "mode": "managed",
      "type": "azurerm_network_interface",
      "name": "res-23",
      "provider": "provider[\"registry.terraform.io/hashicorp/azurerm\"]",
      "instances": [
        {
          "schema_version": 0,
          "attributes": {
            "applied_dns_servers": [],
            "dns_servers": [],
            "edge_zone": "",
            "enable_accelerated_networking": true,
            "enable_ip_forwarding": false,
            "id": "/subscriptions/60a43a8b-348b-4e0f-a5d7-eff5f5f72125/resourceGroups/redis-shake-test-rg/providers/Microsoft.Network/networkInterfaces/redisshakevm878",
            "internal_dns_name_label": "",
            "internal_domain_name_suffix": "pzakw2ciydhexj3hxivnwz4fzc.zqzx.internal.chinacloudapp.cn",
            "ip_configuration": [
              {
                "gateway_load_balancer_frontend_ip_configuration_id": "",
                "name": "ipconfig1",
                "primary": true,
                "private_ip_address": "10.2.0.4",
                "private_ip_address_allocation": "Dynamic",
                "private_ip_address_version": "IPv4",
                "public_ip_address_id": "/subscriptions/60a43a8b-348b-4e0f-a5d7-eff5f5f72125/resourceGroups/redis-shake-test-rg/providers/Microsoft.Network/publicIPAddresses/redisshakevm-ip",
                "subnet_id": "/subscriptions/60a43a8b-348b-4e0f-a5d7-eff5f5f72125/resourceGroups/redis-shake-test-rg/providers/Microsoft.Network/virtualNetworks/redis-shake-test-rg-vnet/subnets/default"
              }
            ],
            "location": "chinanorth3",
            "mac_address": "00-17-FA-06-8D-59",
            "name": "redisshakevm878",
            "private_ip_address": "10.2.0.4",
            "private_ip_addresses": [
              "10.2.0.4"
            ],
            "resource_group_name": "redis-shake-test-rg",
            "tags": {},
            "timeouts": {
              "create": null,
              "delete": null,
              "read": null,
              "update": null
            },
            "virtual_machine_id": "/subscriptions/60a43a8b-348b-4e0f-a5d7-eff5f5f72125/resourceGroups/redis-shake-test-rg/providers/Microsoft.Compute/virtualMachines/redisshakevm"
          },
          "sensitive_attributes": [],
          "private": "eyJlMmJmYjczMC1lY2FhLTExZTYtOGY4OC0zNDM2M2JjN2M0YzAiOnsiY3JlYXRlIjoxODAwMDAwMDAwMDAwLCJkZWxldGUiOjE4MDAwMDAwMDAwMDAsInJlYWQiOjMwMDAwMDAwMDAwMCwidXBkYXRlIjoxODAwMDAwMDAwMDAwfSwic2NoZW1hX3ZlcnNpb24iOiIwIn0="
        }
      ]
    },
    {
      "mode": "managed",
      "type": "azurerm_network_security_group",
      "name": "res-0",
      "provider": "provider[\"registry.terraform.io/hashicorp/azurerm\"]",
      "instances": [
        {
          "schema_version": 0,
          "attributes": {
            "id": "/subscriptions/60a43a8b-348b-4e0f-a5d7-eff5f5f72125/resourceGroups/redis-shake-test-rg/providers/Microsoft.Network/networkSecurityGroups/redis-server-src-vm-nsg",
            "location": "chinanorth3",
            "name": "redis-server-src-vm-nsg",
            "resource_group_name": "redis-shake-test-rg",
            "security_rule": [
              {
                "access": "Allow",
                "description": "",
                "destination_address_prefix": "*",
                "destination_address_prefixes": [],
                "destination_application_security_group_ids": [],
                "destination_port_range": "22",
                "destination_port_ranges": [],
                "direction": "Inbound",
                "name": "SSH",
                "priority": 300,
                "protocol": "TCP",
                "source_address_prefix": "*",
                "source_address_prefixes": [],
                "source_application_security_group_ids": [],
                "source_port_range": "*",
                "source_port_ranges": []
              }
            ],
            "tags": {},
            "timeouts": {
              "create": null,
              "delete": null,
              "read": null,
              "update": null
            }
          },
          "sensitive_attributes": [],
          "private": "eyJlMmJmYjczMC1lY2FhLTExZTYtOGY4OC0zNDM2M2JjN2M0YzAiOnsiY3JlYXRlIjoxODAwMDAwMDAwMDAwLCJkZWxldGUiOjE4MDAwMDAwMDAwMDAsInJlYWQiOjMwMDAwMDAwMDAwMCwidXBkYXRlIjoxODAwMDAwMDAwMDAwfSwic2NoZW1hX3ZlcnNpb24iOiIwIn0="
        }
      ]
    },
    {
      "mode": "managed",
      "type": "azurerm_network_security_group",
      "name": "res-1",
      "provider": "provider[\"registry.terraform.io/hashicorp/azurerm\"]",
      "instances": [
        {
          "schema_version": 0,
          "attributes": {
            "id": "/subscriptions/60a43a8b-348b-4e0f-a5d7-eff5f5f72125/resourceGroups/redis-shake-test-rg/providers/Microsoft.Network/networkSecurityGroups/redis-server-withshake-target02-nsg",
            "location": "chinanorth3",
            "name": "redis-server-withshake-target02-nsg",
            "resource_group_name": "redis-shake-test-rg",
            "security_rule": [
              {
                "access": "Allow",
                "description": "",
                "destination_address_prefix": "*",
                "destination_address_prefixes": [],
                "destination_application_security_group_ids": [],
                "destination_port_range": "22",
                "destination_port_ranges": [],
                "direction": "Inbound",
                "name": "SSH",
                "priority": 300,
                "protocol": "TCP",
                "source_address_prefix": "*",
                "source_address_prefixes": [],
                "source_application_security_group_ids": [],
                "source_port_range": "*",
                "source_port_ranges": []
              }
            ],
            "tags": {},
            "timeouts": {
              "create": null,
              "delete": null,
              "read": null,
              "update": null
            }
          },
          "sensitive_attributes": [],
          "private": "eyJlMmJmYjczMC1lY2FhLTExZTYtOGY4OC0zNDM2M2JjN2M0YzAiOnsiY3JlYXRlIjoxODAwMDAwMDAwMDAwLCJkZWxldGUiOjE4MDAwMDAwMDAwMDAsInJlYWQiOjMwMDAwMDAwMDAwMCwidXBkYXRlIjoxODAwMDAwMDAwMDAwfSwic2NoZW1hX3ZlcnNpb24iOiIwIn0="
        }
      ]
    },
    {
      "mode": "managed",
      "type": "azurerm_network_security_group",
      "name": "res-2",
      "provider": "provider[\"registry.terraform.io/hashicorp/azurerm\"]",
      "instances": [
        {
          "schema_version": 0,
          "attributes": {
            "id": "/subscriptions/60a43a8b-348b-4e0f-a5d7-eff5f5f72125/resourceGroups/redis-shake-test-rg/providers/Microsoft.Network/networkSecurityGroups/redisshakevm-nsg",
            "location": "chinanorth3",
            "name": "redisshakevm-nsg",
            "resource_group_name": "redis-shake-test-rg",
            "security_rule": [
              {
                "access": "Allow",
                "description": "",
                "destination_address_prefix": "*",
                "destination_address_prefixes": [],
                "destination_application_security_group_ids": [],
                "destination_port_range": "22",
                "destination_port_ranges": [],
                "direction": "Inbound",
                "name": "SSH",
                "priority": 300,
                "protocol": "TCP",
                "source_address_prefix": "*",
                "source_address_prefixes": [],
                "source_application_security_group_ids": [],
                "source_port_range": "*",
                "source_port_ranges": []
              },
              {
                "access": "Allow",
                "description": "",
                "destination_address_prefix": "*",
                "destination_address_prefixes": [],
                "destination_application_security_group_ids": [],
                "destination_port_range": "6380",
                "destination_port_ranges": [],
                "direction": "Inbound",
                "name": "AllowAnyCustom6380Inbound",
                "priority": 310,
                "protocol": "*",
                "source_address_prefix": "*",
                "source_address_prefixes": [],
                "source_application_security_group_ids": [],
                "source_port_range": "*",
                "source_port_ranges": []
              }
            ],
            "tags": {},
            "timeouts": {
              "create": null,
              "delete": null,
              "read": null,
              "update": null
            }
          },
          "sensitive_attributes": [],
          "private": "eyJlMmJmYjczMC1lY2FhLTExZTYtOGY4OC0zNDM2M2JjN2M0YzAiOnsiY3JlYXRlIjoxODAwMDAwMDAwMDAwLCJkZWxldGUiOjE4MDAwMDAwMDAwMDAsInJlYWQiOjMwMDAwMDAwMDAwMCwidXBkYXRlIjoxODAwMDAwMDAwMDAwfSwic2NoZW1hX3ZlcnNpb24iOiIwIn0="
        }
      ]
    },
    {
      "mode": "managed",
      "type": "azurerm_network_security_rule",
      "name": "res-14",
      "provider": "provider[\"registry.terraform.io/hashicorp/azurerm\"]",
      "instances": [
        {
          "schema_version": 0,
          "attributes": {
            "access": "Allow",
            "description": "",
            "destination_address_prefix": "*",
            "destination_address_prefixes": [],
            "destination_application_security_group_ids": [],
            "destination_port_range": "22",
            "destination_port_ranges": [],
            "direction": "Inbound",
            "id": "/subscriptions/60a43a8b-348b-4e0f-a5d7-eff5f5f72125/resourceGroups/redis-shake-test-rg/providers/Microsoft.Network/networkSecurityGroups/redis-server-src-vm-nsg/securityRules/SSH",
            "name": "SSH",
            "network_security_group_name": "redis-server-src-vm-nsg",
            "priority": 300,
            "protocol": "TCP",
            "resource_group_name": "redis-shake-test-rg",
            "source_address_prefix": "*",
            "source_address_prefixes": [],
            "source_application_security_group_ids": [],
            "source_port_range": "*",
            "source_port_ranges": [],
            "timeouts": {
              "create": null,
              "delete": null,
              "read": null,
              "update": null
            }
          },
          "sensitive_attributes": [],
          "private": "eyJlMmJmYjczMC1lY2FhLTExZTYtOGY4OC0zNDM2M2JjN2M0YzAiOnsiY3JlYXRlIjoxODAwMDAwMDAwMDAwLCJkZWxldGUiOjE4MDAwMDAwMDAwMDAsInJlYWQiOjMwMDAwMDAwMDAwMCwidXBkYXRlIjoxODAwMDAwMDAwMDAwfSwic2NoZW1hX3ZlcnNpb24iOiIwIn0="
        }
      ]
    },
    {
      "mode": "managed",
      "type": "azurerm_network_security_rule",
      "name": "res-15",
      "provider": "provider[\"registry.terraform.io/hashicorp/azurerm\"]",
      "instances": [
        {
          "schema_version": 0,
          "attributes": {
            "access": "Allow",
            "description": "",
            "destination_address_prefix": "*",
            "destination_address_prefixes": [],
            "destination_application_security_group_ids": [],
            "destination_port_range": "22",
            "destination_port_ranges": [],
            "direction": "Inbound",
            "id": "/subscriptions/60a43a8b-348b-4e0f-a5d7-eff5f5f72125/resourceGroups/redis-shake-test-rg/providers/Microsoft.Network/networkSecurityGroups/redis-server-withshake-target02-nsg/securityRules/SSH",
            "name": "SSH",
            "network_security_group_name": "redis-server-withshake-target02-nsg",
            "priority": 300,
            "protocol": "TCP",
            "resource_group_name": "redis-shake-test-rg",
            "source_address_prefix": "*",
            "source_address_prefixes": [],
            "source_application_security_group_ids": [],
            "source_port_range": "*",
            "source_port_ranges": [],
            "timeouts": {
              "create": null,
              "delete": null,
              "read": null,
              "update": null
            }
          },
          "sensitive_attributes": [],
          "private": "eyJlMmJmYjczMC1lY2FhLTExZTYtOGY4OC0zNDM2M2JjN2M0YzAiOnsiY3JlYXRlIjoxODAwMDAwMDAwMDAwLCJkZWxldGUiOjE4MDAwMDAwMDAwMDAsInJlYWQiOjMwMDAwMDAwMDAwMCwidXBkYXRlIjoxODAwMDAwMDAwMDAwfSwic2NoZW1hX3ZlcnNpb24iOiIwIn0="
        }
      ]
    },
    {
      "mode": "managed",
      "type": "azurerm_network_security_rule",
      "name": "res-16",
      "provider": "provider[\"registry.terraform.io/hashicorp/azurerm\"]",
      "instances": [
        {
          "schema_version": 0,
          "attributes": {
            "access": "Allow",
            "description": "",
            "destination_address_prefix": "*",
            "destination_address_prefixes": [],
            "destination_application_security_group_ids": [],
            "destination_port_range": "6380",
            "destination_port_ranges": [],
            "direction": "Inbound",
            "id": "/subscriptions/60a43a8b-348b-4e0f-a5d7-eff5f5f72125/resourceGroups/redis-shake-test-rg/providers/Microsoft.Network/networkSecurityGroups/redisshakevm-nsg/securityRules/AllowAnyCustom6380Inbound",
            "name": "AllowAnyCustom6380Inbound",
            "network_security_group_name": "redisshakevm-nsg",
            "priority": 310,
            "protocol": "*",
            "resource_group_name": "redis-shake-test-rg",
            "source_address_prefix": "*",
            "source_address_prefixes": [],
            "source_application_security_group_ids": [],
            "source_port_range": "*",
            "source_port_ranges": [],
            "timeouts": {
              "create": null,
              "delete": null,
              "read": null,
              "update": null
            }
          },
          "sensitive_attributes": [],
          "private": "eyJlMmJmYjczMC1lY2FhLTExZTYtOGY4OC0zNDM2M2JjN2M0YzAiOnsiY3JlYXRlIjoxODAwMDAwMDAwMDAwLCJkZWxldGUiOjE4MDAwMDAwMDAwMDAsInJlYWQiOjMwMDAwMDAwMDAwMCwidXBkYXRlIjoxODAwMDAwMDAwMDAwfSwic2NoZW1hX3ZlcnNpb24iOiIwIn0="
        }
      ]
    },
    {
      "mode": "managed",
      "type": "azurerm_network_security_rule",
      "name": "res-17",
      "provider": "provider[\"registry.terraform.io/hashicorp/azurerm\"]",
      "instances": [
        {
          "schema_version": 0,
          "attributes": {
            "access": "Allow",
            "description": "",
            "destination_address_prefix": "*",
            "destination_address_prefixes": [],
            "destination_application_security_group_ids": [],
            "destination_port_range": "22",
            "destination_port_ranges": [],
            "direction": "Inbound",
            "id": "/subscriptions/60a43a8b-348b-4e0f-a5d7-eff5f5f72125/resourceGroups/redis-shake-test-rg/providers/Microsoft.Network/networkSecurityGroups/redisshakevm-nsg/securityRules/SSH",
            "name": "SSH",
            "network_security_group_name": "redisshakevm-nsg",
            "priority": 300,
            "protocol": "TCP",
            "resource_group_name": "redis-shake-test-rg",
            "source_address_prefix": "*",
            "source_address_prefixes": [],
            "source_application_security_group_ids": [],
            "source_port_range": "*",
            "source_port_ranges": [],
            "timeouts": {
              "create": null,
              "delete": null,
              "read": null,
              "update": null
            }
          },
          "sensitive_attributes": [],
          "private": "eyJlMmJmYjczMC1lY2FhLTExZTYtOGY4OC0zNDM2M2JjN2M0YzAiOnsiY3JlYXRlIjoxODAwMDAwMDAwMDAwLCJkZWxldGUiOjE4MDAwMDAwMDAwMDAsInJlYWQiOjMwMDAwMDAwMDAwMCwidXBkYXRlIjoxODAwMDAwMDAwMDAwfSwic2NoZW1hX3ZlcnNpb24iOiIwIn0="
        }
      ]
    },
    {
      "mode": "managed",
      "type": "azurerm_public_ip",
      "name": "res-3",
      "provider": "provider[\"registry.terraform.io/hashicorp/azurerm\"]",
      "instances": [
        {
          "schema_version": 0,
          "attributes": {
            "allocation_method": "Static",
            "domain_name_label": null,
            "edge_zone": "",
            "fqdn": null,
            "id": "/subscriptions/60a43a8b-348b-4e0f-a5d7-eff5f5f72125/resourceGroups/redis-shake-test-rg/providers/Microsoft.Network/publicIPAddresses/redis-server-src-vm-ip",
            "idle_timeout_in_minutes": 4,
            "ip_address": "159.27.10.184",
            "ip_tags": {},
            "ip_version": "IPv4",
            "location": "chinanorth3",
            "name": "redis-server-src-vm-ip",
            "public_ip_prefix_id": null,
            "resource_group_name": "redis-shake-test-rg",
            "reverse_fqdn": null,
            "sku": "Standard",
            "sku_tier": "Regional",
            "tags": {},
            "timeouts": {
              "create": null,
              "delete": null,
              "read": null,
              "update": null
            },
            "zones": [
              "1",
              "2",
              "3"
            ]
          },
          "sensitive_attributes": [],
          "private": "eyJlMmJmYjczMC1lY2FhLTExZTYtOGY4OC0zNDM2M2JjN2M0YzAiOnsiY3JlYXRlIjoxODAwMDAwMDAwMDAwLCJkZWxldGUiOjE4MDAwMDAwMDAwMDAsInJlYWQiOjMwMDAwMDAwMDAwMCwidXBkYXRlIjoxODAwMDAwMDAwMDAwfSwic2NoZW1hX3ZlcnNpb24iOiIwIn0="
        }
      ]
    },
    {
      "mode": "managed",
      "type": "azurerm_public_ip",
      "name": "res-4",
      "provider": "provider[\"registry.terraform.io/hashicorp/azurerm\"]",
      "instances": [
        {
          "schema_version": 0,
          "attributes": {
            "allocation_method": "Static",
            "domain_name_label": null,
            "edge_zone": "",
            "fqdn": null,
            "id": "/subscriptions/60a43a8b-348b-4e0f-a5d7-eff5f5f72125/resourceGroups/redis-shake-test-rg/providers/Microsoft.Network/publicIPAddresses/redis-server-withshake-target02-ip",
            "idle_timeout_in_minutes": 4,
            "ip_address": "163.228.224.133",
            "ip_tags": {},
            "ip_version": "IPv4",
            "location": "chinanorth3",
            "name": "redis-server-withshake-target02-ip",
            "public_ip_prefix_id": null,
            "resource_group_name": "redis-shake-test-rg",
            "reverse_fqdn": null,
            "sku": "Standard",
            "sku_tier": "Regional",
            "tags": {},
            "timeouts": {
              "create": null,
              "delete": null,
              "read": null,
              "update": null
            },
            "zones": [
              "1",
              "2",
              "3"
            ]
          },
          "sensitive_attributes": [],
          "private": "eyJlMmJmYjczMC1lY2FhLTExZTYtOGY4OC0zNDM2M2JjN2M0YzAiOnsiY3JlYXRlIjoxODAwMDAwMDAwMDAwLCJkZWxldGUiOjE4MDAwMDAwMDAwMDAsInJlYWQiOjMwMDAwMDAwMDAwMCwidXBkYXRlIjoxODAwMDAwMDAwMDAwfSwic2NoZW1hX3ZlcnNpb24iOiIwIn0="
        }
      ]
    },
    {
      "mode": "managed",
      "type": "azurerm_public_ip",
      "name": "res-5",
      "provider": "provider[\"registry.terraform.io/hashicorp/azurerm\"]",
      "instances": [
        {
          "schema_version": 0,
          "attributes": {
            "allocation_method": "Static",
            "domain_name_label": null,
            "edge_zone": "",
            "fqdn": null,
            "id": "/subscriptions/60a43a8b-348b-4e0f-a5d7-eff5f5f72125/resourceGroups/redis-shake-test-rg/providers/Microsoft.Network/publicIPAddresses/redisshakevm-ip",
            "idle_timeout_in_minutes": 4,
            "ip_address": "163.228.224.242",
            "ip_tags": {},
            "ip_version": "IPv4",
            "location": "chinanorth3",
            "name": "redisshakevm-ip",
            "public_ip_prefix_id": null,
            "resource_group_name": "redis-shake-test-rg",
            "reverse_fqdn": null,
            "sku": "Standard",
            "sku_tier": "Regional",
            "tags": {},
            "timeouts": {
              "create": null,
              "delete": null,
              "read": null,
              "update": null
            },
            "zones": [
              "1",
              "2",
              "3"
            ]
          },
          "sensitive_attributes": [],
          "private": "eyJlMmJmYjczMC1lY2FhLTExZTYtOGY4OC0zNDM2M2JjN2M0YzAiOnsiY3JlYXRlIjoxODAwMDAwMDAwMDAwLCJkZWxldGUiOjE4MDAwMDAwMDAwMDAsInJlYWQiOjMwMDAwMDAwMDAwMCwidXBkYXRlIjoxODAwMDAwMDAwMDAwfSwic2NoZW1hX3ZlcnNpb24iOiIwIn0="
        }
      ]
    },
    {
      "mode": "managed",
      "type": "azurerm_public_ip",
      "name": "res-6",
      "provider": "provider[\"registry.terraform.io/hashicorp/azurerm\"]",
      "instances": [
        {
          "schema_version": 0,
          "attributes": {
            "allocation_method": "Static",
            "domain_name_label": null,
            "edge_zone": "",
            "fqdn": null,
            "id": "/subscriptions/60a43a8b-348b-4e0f-a5d7-eff5f5f72125/resourceGroups/redis-shake-test-rg/providers/Microsoft.Network/publicIPAddresses/redis-shake-vm-web-lb-ip",
            "idle_timeout_in_minutes": 4,
            "ip_address": "159.27.14.123",
            "ip_tags": {},
            "ip_version": "IPv4",
            "location": "chinanorth3",
            "name": "redis-shake-vm-web-lb-ip",
            "public_ip_prefix_id": null,
            "resource_group_name": "redis-shake-test-rg",
            "reverse_fqdn": null,
            "sku": "Standard",
            "sku_tier": "Regional",
            "tags": {},
            "timeouts": {
              "create": null,
              "delete": null,
              "read": null,
              "update": null
            },
            "zones": [
              "1",
              "2",
              "3"
            ]
          },
          "sensitive_attributes": [],
          "private": "eyJlMmJmYjczMC1lY2FhLTExZTYtOGY4OC0zNDM2M2JjN2M0YzAiOnsiY3JlYXRlIjoxODAwMDAwMDAwMDAwLCJkZWxldGUiOjE4MDAwMDAwMDAwMDAsInJlYWQiOjMwMDAwMDAwMDAwMCwidXBkYXRlIjoxODAwMDAwMDAwMDAwfSwic2NoZW1hX3ZlcnNpb24iOiIwIn0="
        }
      ]
    },
    {
      "mode": "managed",
      "type": "azurerm_resource_group",
      "name": "res-24",
      "provider": "provider[\"registry.terraform.io/hashicorp/azurerm\"]",
      "instances": [
        {
          "schema_version": 0,
          "attributes": {
            "id": "/subscriptions/60a43a8b-348b-4e0f-a5d7-eff5f5f72125/resourceGroups/redis-shake-test-rg",
            "location": "chinanorth3",
            "name": "redis-shake-test-rg",
            "tags": {},
            "timeouts": {
              "create": null,
              "delete": null,
              "read": null,
              "update": null
            }
          },
          "sensitive_attributes": [],
          "private": "eyJlMmJmYjczMC1lY2FhLTExZTYtOGY4OC0zNDM2M2JjN2M0YzAiOnsiY3JlYXRlIjo1NDAwMDAwMDAwMDAwLCJkZWxldGUiOjU0MDAwMDAwMDAwMDAsInJlYWQiOjMwMDAwMDAwMDAwMCwidXBkYXRlIjo1NDAwMDAwMDAwMDAwfSwic2NoZW1hX3ZlcnNpb24iOiIwIn0="
        }
      ]
    },
    {
      "mode": "managed",
      "type": "azurerm_subnet",
      "name": "res-18",
      "provider": "provider[\"registry.terraform.io/hashicorp/azurerm\"]",
      "instances": [
        {
          "schema_version": 0,
          "attributes": {
            "address_prefixes": [
              "10.2.0.0/24"
            ],
            "delegation": [],
            "enforce_private_link_endpoint_network_policies": true,
            "enforce_private_link_service_network_policies": false,
            "id": "/subscriptions/60a43a8b-348b-4e0f-a5d7-eff5f5f72125/resourceGroups/redis-shake-test-rg/providers/Microsoft.Network/virtualNetworks/redis-shake-test-rg-vnet/subnets/default",
            "name": "default",
            "resource_group_name": "redis-shake-test-rg",
            "service_endpoint_policy_ids": [],
            "service_endpoints": [],
            "timeouts": {
              "create": null,
              "delete": null,
              "read": null,
              "update": null
            },
            "virtual_network_name": "redis-shake-test-rg-vnet"
          },
          "sensitive_attributes": [],
          "private": "eyJlMmJmYjczMC1lY2FhLTExZTYtOGY4OC0zNDM2M2JjN2M0YzAiOnsiY3JlYXRlIjoxODAwMDAwMDAwMDAwLCJkZWxldGUiOjE4MDAwMDAwMDAwMDAsInJlYWQiOjMwMDAwMDAwMDAwMCwidXBkYXRlIjoxODAwMDAwMDAwMDAwfSwic2NoZW1hX3ZlcnNpb24iOiIwIn0="
        }
      ]
    },
    {
      "mode": "managed",
      "type": "azurerm_virtual_network",
      "name": "res-7",
      "provider": "provider[\"registry.terraform.io/hashicorp/azurerm\"]",
      "instances": [
        {
          "schema_version": 0,
          "attributes": {
            "address_space": [
              "10.2.0.0/16"
            ],
            "bgp_community": "",
            "ddos_protection_plan": [],
            "dns_servers": [],
            "edge_zone": "",
            "flow_timeout_in_minutes": 0,
            "guid": "70ab407e-c048-4bce-a7a7-ba2adb67c5ca",
            "id": "/subscriptions/60a43a8b-348b-4e0f-a5d7-eff5f5f72125/resourceGroups/redis-shake-test-rg/providers/Microsoft.Network/virtualNetworks/redis-shake-test-rg-vnet",
            "location": "chinanorth3",
            "name": "redis-shake-test-rg-vnet",
            "resource_group_name": "redis-shake-test-rg",
            "subnet": [
              {
                "address_prefix": "10.2.0.0/24",
                "id": "/subscriptions/60a43a8b-348b-4e0f-a5d7-eff5f5f72125/resourceGroups/redis-shake-test-rg/providers/Microsoft.Network/virtualNetworks/redis-shake-test-rg-vnet/subnets/default",
                "name": "default",
                "security_group": ""
              }
            ],
            "tags": {},
            "timeouts": {
              "create": null,
              "delete": null,
              "read": null,
              "update": null
            }
          },
          "sensitive_attributes": [],
          "private": "eyJlMmJmYjczMC1lY2FhLTExZTYtOGY4OC0zNDM2M2JjN2M0YzAiOnsiY3JlYXRlIjoxODAwMDAwMDAwMDAwLCJkZWxldGUiOjE4MDAwMDAwMDAwMDAsInJlYWQiOjMwMDAwMDAwMDAwMCwidXBkYXRlIjoxODAwMDAwMDAwMDAwfSwic2NoZW1hX3ZlcnNpb24iOiIwIn0="
        }
      ]
    }
  ]
}
